{
  "originHash" : "b872d5f68e25f06f6adcb6d056a44fc0f19e3e5023251daabd90fca952fc5c8a",
  "pins" : [
    {
      "identity" : "srouting",
      "kind" : "remoteSourceControl",
      "location" : "https://github.com/ThangKM/sRouting.git",
      "state" : {
        "revision" : "82bd053e50bae4e91c84dbeef2332d20fe2b3d31",
        "version" : "1.1.20"
      }
    },
    {
      "identity" : "swift-syntax",
      "kind" : "remoteSourceControl",
      "location" : "https://github.com/swiftlang/swift-syntax.git",
      "state" : {
        "revision" : "4799286537280063c85a32f09884cfbca301b1a1",
        "version" : "602.0.0"
      }
    }
  ],
  "version" : 3
}
