{
  "originHash" : "b872d5f68e25f06f6adcb6d056a44fc0f19e3e5023251daabd90fca952fc5c8a",
  "pins" : [
    {
      "identity" : "srouting",
      "kind" : "remoteSourceControl",
      "location" : "https://github.com/ThangKM/sRouting.git",
      "state" : {
        "branch" : "root_switcher",
        "revision" : "a3838ae3328fb349149a11e02f0508fd235c528f"
      }
    },
    {
      "identity" : "swift-syntax",
      "kind" : "remoteSourceControl",
      "location" : "https://github.com/swiftlang/swift-syntax.git",
      "state" : {
        "revision" : "0687f71944021d616d34d922343dcef086855920",
        "version" : "600.0.1"
      }
    }
  ],
  "version" : 3
}
