{
  "originHash" : "ac5d6f8647b3fbf7caf05de1815b975254aa7ffe6a9b77ba625ab907eaed7b49",
  "pins" : [
    {
      "identity" : "srouting",
      "kind" : "remoteSourceControl",
      "location" : "git@github.com:ThangKM/sRouting.git",
      "state" : {
        "revision" : "bb717614deb5df05e81252be1acd3a220727336c",
        "version" : "1.1.14"
      }
    },
    {
      "identity" : "swift-syntax",
      "kind" : "remoteSourceControl",
      "location" : "https://github.com/swiftlang/swift-syntax.git",
      "state" : {
        "revision" : "0687f71944021d616d34d922343dcef086855920",
        "version" : "600.0.1"
      }
    }
  ],
  "version" : 3
}
